// !$*UTF8*$!
{
	archiveVersion = 1;
	classes = {
	};
	objectVersion = 46;
	objects = {

/* Begin PBXBuildFile section */
		7A65E6542CCA446C8306652E /* libPods.a in Frameworks */ = {isa = PBXBuildFile; fileRef = BADF53B78DE246C48B2BE905 /* libPods.a */; };
		B665118515866E5B00C4139A /* OpenGLES.framework in Frameworks */ = {isa = PBXBuildFile; fileRef = B665118415866E5B00C4139A /* OpenGLES.framework */; };
		B6A87DE1155843680034591E /* Foundation.framework in Frameworks */ = {isa = PBXBuildFile; fileRef = B6A87DE0155843680034591E /* Foundation.framework */; };
/* End PBXBuildFile section */

/* Begin PBXFileReference section */
		005A0212D3A445BF85ADD4D5 /* Pods.xcconfig */ = {isa = PBXFileReference; includeInIndex = 1; lastKnownFileType = text.xcconfig; name = Pods.xcconfig; path = Pods/Pods.xcconfig; sourceTree = SOURCE_ROOT; };
		83CF603E16D37CAF00D024C0 /* Podfile */ = {isa = PBXFileReference; fileEncoding = 4; lastKnownFileType = text; path = Podfile; sourceTree = "<group>"; };
		B665118415866E5B00C4139A /* OpenGLES.framework */ = {isa = PBXFileReference; lastKnownFileType = wrapper.framework; name = OpenGLES.framework; path = System/Library/Frameworks/OpenGLES.framework; sourceTree = SDKROOT; };
		B6A87DDD155843680034591E /* libCCBox2D.a */ = {isa = PBXFileReference; explicitFileType = archive.ar; includeInIndex = 0; name = libCCBox2D.a; path = "/Users/johndpope/Documents/gitWorkspace/CCBox2D/build/Release-iphoneos/libCCBox2D.a"; sourceTree = "<absolute>"; };
		B6A87DE0155843680034591E /* Foundation.framework */ = {isa = PBXFileReference; lastKnownFileType = wrapper.framework; name = Foundation.framework; path = System/Library/Frameworks/Foundation.framework; sourceTree = SDKROOT; };
		BADF53B78DE246C48B2BE905 /* libPods.a */ = {isa = PBXFileReference; explicitFileType = archive.ar; includeInIndex = 0; path = libPods.a; sourceTree = BUILT_PRODUCTS_DIR; };
/* End PBXFileReference section */

/* Begin PBXFrameworksBuildPhase section */
		B6A87DDA155843680034591E /* Frameworks */ = {
			isa = PBXFrameworksBuildPhase;
			buildActionMask = 2147483647;
			files = (
				B665118515866E5B00C4139A /* OpenGLES.framework in Frameworks */,
				B6A87DE1155843680034591E /* Foundation.framework in Frameworks */,
				7A65E6542CCA446C8306652E /* libPods.a in Frameworks */,
			);
			runOnlyForDeploymentPostprocessing = 0;
		};
/* End PBXFrameworksBuildPhase section */

/* Begin PBXGroup section */
		B6A87DD2155843680034591E = {
			isa = PBXGroup;
			children = (
				B6A87DDF155843680034591E /* Frameworks */,
				005A0212D3A445BF85ADD4D5 /* Pods.xcconfig */,
				83CF603E16D37CAF00D024C0 /* Podfile */,
			);
			sourceTree = "<group>";
		};
		B6A87DDF155843680034591E /* Frameworks */ = {
			isa = PBXGroup;
			children = (
				B6A87DE0155843680034591E /* Foundation.framework */,
				B665118415866E5B00C4139A /* OpenGLES.framework */,
				BADF53B78DE246C48B2BE905 /* libPods.a */,
			);
			name = Frameworks;
			sourceTree = "<group>";
		};
/* End PBXGroup section */

/* Begin PBXHeadersBuildPhase section */
		B6A87DDB155843680034591E /* Headers */ = {
			isa = PBXHeadersBuildPhase;
			buildActionMask = 2147483647;
			files = (
			);
			runOnlyForDeploymentPostprocessing = 0;
		};
/* End PBXHeadersBuildPhase section */

/* Begin PBXNativeTarget section */
		B6A87DDC155843680034591E /* CCBox2D */ = {
			isa = PBXNativeTarget;
			buildConfigurationList = B6A87DEA155843680034591E /* Build configuration list for PBXNativeTarget "CCBox2D" */;
			buildPhases = (
				B6A87DD9155843680034591E /* Sources */,
				B6A87DDA155843680034591E /* Frameworks */,
				B6A87DDB155843680034591E /* Headers */,
				8C74CD2C5805410EBBEDF683 /* Copy Pods Resources */,
			);
			buildRules = (
			);
			dependencies = (
			);
			name = CCBox2D;
			productName = CCBox2D;
			productReference = B6A87DDD155843680034591E /* libCCBox2D.a */;
			productType = "com.apple.product-type.library.static";
		};
/* End PBXNativeTarget section */

/* Begin PBXProject section */
		B6A87DD4155843680034591E /* Project object */ = {
			isa = PBXProject;
			attributes = {
				LastUpgradeCheck = 0420;
				ORGANIZATIONNAME = "Marketcircle Inc";
			};
			buildConfigurationList = B6A87DD7155843680034591E /* Build configuration list for PBXProject "CCBox2D" */;
			compatibilityVersion = "Xcode 3.2";
			developmentRegion = English;
			hasScannedForEncodings = 0;
			knownRegions = (
				en,
			);
			mainGroup = B6A87DD2155843680034591E;
			productRefGroup = B6A87DD2155843680034591E;
			projectDirPath = "";
			projectRoot = "";
			targets = (
				B6A87DDC155843680034591E /* CCBox2D */,
			);
		};
/* End PBXProject section */

/* Begin PBXShellScriptBuildPhase section */
		8C74CD2C5805410EBBEDF683 /* Copy Pods Resources */ = {
			isa = PBXShellScriptBuildPhase;
			buildActionMask = 2147483647;
			files = (
			);
			inputPaths = (
			);
			name = "Copy Pods Resources";
			outputPaths = (
			);
			runOnlyForDeploymentPostprocessing = 0;
			shellPath = /bin/sh;
			shellScript = "\"${SRCROOT}/Pods/Pods-resources.sh\"\n";
		};
/* End PBXShellScriptBuildPhase section */

/* Begin PBXSourcesBuildPhase section */
		B6A87DD9155843680034591E /* Sources */ = {
			isa = PBXSourcesBuildPhase;
			buildActionMask = 2147483647;
			files = (
			);
			runOnlyForDeploymentPostprocessing = 0;
		};
/* End PBXSourcesBuildPhase section */

/* Begin XCBuildConfiguration section */
		B6A87DE8155843680034591E /* Debug */ = {
			isa = XCBuildConfiguration;
			buildSettings = {
				ALWAYS_SEARCH_USER_PATHS = NO;
				ARCHS = "$(ARCHS_STANDARD_32_BIT)";
				COPY_PHASE_STRIP = NO;
				GCC_C_LANGUAGE_STANDARD = gnu99;
				GCC_DYNAMIC_NO_PIC = NO;
				GCC_OPTIMIZATION_LEVEL = 0;
				GCC_PREPROCESSOR_DEFINITIONS = (
					"DEBUG=1",
					"$(inherited)",
				);
				GCC_SYMBOLS_PRIVATE_EXTERN = NO;
				GCC_VERSION = com.apple.compilers.llvm.clang.1_0;
				GCC_WARN_ABOUT_MISSING_PROTOTYPES = YES;
				GCC_WARN_ABOUT_RETURN_TYPE = YES;
				GCC_WARN_UNUSED_VARIABLE = YES;
				IPHONEOS_DEPLOYMENT_TARGET = 5.1;
				SDKROOT = iphoneos;
			};
			name = Debug;
		};
		B6A87DE9155843680034591E /* Release */ = {
			isa = XCBuildConfiguration;
			buildSettings = {
				ALWAYS_SEARCH_USER_PATHS = NO;
				ARCHS = "$(ARCHS_STANDARD_32_BIT)";
				COPY_PHASE_STRIP = YES;
				GCC_C_LANGUAGE_STANDARD = gnu99;
				GCC_VERSION = com.apple.compilers.llvm.clang.1_0;
				GCC_WARN_ABOUT_MISSING_PROTOTYPES = YES;
				GCC_WARN_ABOUT_RETURN_TYPE = YES;
				GCC_WARN_UNUSED_VARIABLE = YES;
				IPHONEOS_DEPLOYMENT_TARGET = 5.1;
				SDKROOT = iphoneos;
				VALIDATE_PRODUCT = YES;
			};
			name = Release;
		};
		B6A87DEB155843680034591E /* Debug */ = {
			isa = XCBuildConfiguration;
			baseConfigurationReference = 005A0212D3A445BF85ADD4D5 /* Pods.xcconfig */;
			buildSettings = {
				DSTROOT = /tmp/CCBox2D.dst;
				FRAMEWORK_SEARCH_PATHS = (
					"$(inherited)",
					"\"$(SRCROOT)/Vendor/Frameworks\"",
				);
				GCC_PRECOMPILE_PREFIX_HEADER = YES;
				GCC_PREFIX_HEADER = "CCBox2D/CCBox2D-Prefix.pch";
				LIBRARY_SEARCH_PATHS = "$(PROJECT_DIR)/Vendor/lib/$(CONFIGURATION)$(EFFECTIVE_PLATFORM_NAME)";
				OTHER_LDFLAGS = "-ObjC";
				PRODUCT_NAME = "$(TARGET_NAME)";
				SKIP_INSTALL = YES;
			};
			name = Debug;
		};
		B6A87DEC155843680034591E /* Release */ = {
			isa = XCBuildConfiguration;
			baseConfigurationReference = 005A0212D3A445BF85ADD4D5 /* Pods.xcconfig */;
			buildSettings = {
				DSTROOT = /tmp/CCBox2D.dst;
				FRAMEWORK_SEARCH_PATHS = (
					"$(inherited)",
					"\"$(SRCROOT)/Vendor/Frameworks\"",
				);
				GCC_PRECOMPILE_PREFIX_HEADER = YES;
				GCC_PREFIX_HEADER = "CCBox2D/CCBox2D-Prefix.pch";
				LIBRARY_SEARCH_PATHS = "$(PROJECT_DIR)/Vendor/lib/$(CONFIGURATION)$(EFFECTIVE_PLATFORM_NAME)";
				OTHER_LDFLAGS = "-ObjC";
				PRODUCT_NAME = "$(TARGET_NAME)";
				SKIP_INSTALL = YES;
			};
			name = Release;
		};
/* End XCBuildConfiguration section */

/* Begin XCConfigurationList section */
		B6A87DD7155843680034591E /* Build configuration list for PBXProject "CCBox2D" */ = {
			isa = XCConfigurationList;
			buildConfigurations = (
				B6A87DE8155843680034591E /* Debug */,
				B6A87DE9155843680034591E /* Release */,
			);
			defaultConfigurationIsVisible = 0;
			defaultConfigurationName = Release;
		};
		B6A87DEA155843680034591E /* Build configuration list for PBXNativeTarget "CCBox2D" */ = {
			isa = XCConfigurationList;
			buildConfigurations = (
				B6A87DEB155843680034591E /* Debug */,
				B6A87DEC155843680034591E /* Release */,
			);
			defaultConfigurationIsVisible = 0;
			defaultConfigurationName = Release;
		};
/* End XCConfigurationList section */
	};
	rootObject = B6A87DD4155843680034591E /* Project object */;
}
